
Microsoft Visual Studio Solution File, Format Version 12.00
# Visual Studio Version 17
VisualStudioVersion = 17.10.34928.147
MinimumVisualStudioVersion = 10.0.40219.1
Project("{FAE04EC0-301F-11D3-BF4B-00C04F79EFBC}") = "RosalindSolverTests", "tests\RosalindSolverTests\RosalindSolverTests.csproj", "{FEC8EB4D-7B5D-4D81-ABE9-277A01863FDB}"
EndProject
Project("{9A19103F-16F7-4668-BE54-9A1E7A4F7556}") = "Rosalind.UI", "src\Rosalind.UI\Rosalind.UI.csproj", "{A44AF9FB-C5BB-452E-BA0F-03F2C76A0DA2}"
EndProject
Global
	GlobalSection(SolutionConfigurationPlatforms) = preSolution
		Debug|Any CPU = Debug|Any CPU
		Release|Any CPU = Release|Any CPU
	EndGlobalSection
	GlobalSection(ProjectConfigurationPlatforms) = postSolution
		{FEC8EB4D-7B5D-4D81-ABE9-277A01863FDB}.Debug|Any CPU.ActiveCfg = Debug|Any CPU
		{FEC8EB4D-7B5D-4D81-ABE9-277A01863FDB}.Debug|Any CPU.Build.0 = Debug|Any CPU
		{FEC8EB4D-7B5D-4D81-ABE9-277A01863FDB}.Release|Any CPU.ActiveCfg = Release|Any CPU
		{FEC8EB4D-7B5D-4D81-ABE9-277A01863FDB}.Release|Any CPU.Build.0 = Release|Any CPU
		{A44AF9FB-C5BB-452E-BA0F-03F2C76A0DA2}.Debug|Any CPU.ActiveCfg = Debug|Any CPU
		{A44AF9FB-C5BB-452E-BA0F-03F2C76A0DA2}.Debug|Any CPU.Build.0 = Debug|Any CPU
		{A44AF9FB-C5BB-452E-BA0F-03F2C76A0DA2}.Release|Any CPU.ActiveCfg = Release|Any CPU
		{A44AF9FB-C5BB-452E-BA0F-03F2C76A0DA2}.Release|Any CPU.Build.0 = Release|Any CPU
	EndGlobalSection
	GlobalSection(SolutionProperties) = preSolution
		HideSolutionNode = FALSE
	EndGlobalSection
	GlobalSection(ExtensibilityGlobals) = postSolution
		SolutionGuid = {B152A6EC-CEE2-468A-AC1D-A1D8CE2A54E7}
	EndGlobalSection
EndGlobal
